// !$*UTF8*$!
{
	archiveVersion = 1;
	classes = {
	};
	objectVersion = 46;
	objects = {

/* Begin PBXBuildFile section */
		874882CD1DE4FC5E0047D39A /* Entity.swift in Sources */ = {isa = PBXBuildFile; fileRef = 874882CC1DE4FC5E0047D39A /* Entity.swift */; };
		874882CF1DE4FC730047D39A /* Environment.swift in Sources */ = {isa = PBXBuildFile; fileRef = 874882CE1DE4FC730047D39A /* Environment.swift */; };
		874882D31DE4FFEF0047D39A /* External.swift in Sources */ = {isa = PBXBuildFile; fileRef = 874882D21DE4FFEF0047D39A /* External.swift */; };
		874882D51DE500000047D39A /* EntityRef.swift in Sources */ = {isa = PBXBuildFile; fileRef = 874882D41DE500000047D39A /* EntityRef.swift */; };
		874882D71DE500850047D39A /* TextRepresetable.swift in Sources */ = {isa = PBXBuildFile; fileRef = 874882D61DE500850047D39A /* TextRepresetable.swift */; };
		874882D91DE5038D0047D39A /* Observable.swift in Sources */ = {isa = PBXBuildFile; fileRef = 874882D81DE5038D0047D39A /* Observable.swift */; };
		878BA4AB1DDD286100D59E34 /* RenderSystem.swift in Sources */ = {isa = PBXBuildFile; fileRef = 878BA4AA1DDD286100D59E34 /* RenderSystem.swift */; };
		87A48FC21DDD0BCC00F22E13 /* RenderComponent.swift in Sources */ = {isa = PBXBuildFile; fileRef = 87A48FC11DDD0BCC00F22E13 /* RenderComponent.swift */; };
		87AA5E891DDC383E000F5EDA /* AppDelegate.swift in Sources */ = {isa = PBXBuildFile; fileRef = 87AA5E881DDC383E000F5EDA /* AppDelegate.swift */; };
		87AA5E901DDC383E000F5EDA /* Assets.xcassets in Resources */ = {isa = PBXBuildFile; fileRef = 87AA5E8F1DDC383E000F5EDA /* Assets.xcassets */; };
		87AA5E931DDC383E000F5EDA /* LaunchScreen.storyboard in Resources */ = {isa = PBXBuildFile; fileRef = 87AA5E911DDC383E000F5EDA /* LaunchScreen.storyboard */; };
		87AA5E9E1DDC383E000F5EDA /* taknadaTests.swift in Sources */ = {isa = PBXBuildFile; fileRef = 87AA5E9D1DDC383E000F5EDA /* taknadaTests.swift */; };
/* End PBXBuildFile section */

/* Begin PBXContainerItemProxy section */
		87AA5E9A1DDC383E000F5EDA /* PBXContainerItemProxy */ = {
			isa = PBXContainerItemProxy;
			containerPortal = 87AA5E7D1DDC383E000F5EDA /* Project object */;
			proxyType = 1;
			remoteGlobalIDString = 87AA5E841DDC383E000F5EDA;
			remoteInfo = taknada;
		};
/* End PBXContainerItemProxy section */

/* Begin PBXFileReference section */
		874882CC1DE4FC5E0047D39A /* Entity.swift */ = {isa = PBXFileReference; fileEncoding = 4; lastKnownFileType = sourcecode.swift; name = Entity.swift; path = Core/Entity.swift; sourceTree = "<group>"; };
		874882CE1DE4FC730047D39A /* Environment.swift */ = {isa = PBXFileReference; fileEncoding = 4; lastKnownFileType = sourcecode.swift; name = Environment.swift; path = Core/Environment.swift; sourceTree = "<group>"; };
		874882D21DE4FFEF0047D39A /* External.swift */ = {isa = PBXFileReference; fileEncoding = 4; lastKnownFileType = sourcecode.swift; name = External.swift; path = Core/External.swift; sourceTree = "<group>"; };
		874882D41DE500000047D39A /* EntityRef.swift */ = {isa = PBXFileReference; fileEncoding = 4; lastKnownFileType = sourcecode.swift; name = EntityRef.swift; path = Core/EntityRef.swift; sourceTree = "<group>"; };
		874882D61DE500850047D39A /* TextRepresetable.swift */ = {isa = PBXFileReference; fileEncoding = 4; lastKnownFileType = sourcecode.swift; name = TextRepresetable.swift; path = Core/TextRepresetable.swift; sourceTree = "<group>"; };
		874882D81DE5038D0047D39A /* Observable.swift */ = {isa = PBXFileReference; fileEncoding = 4; lastKnownFileType = sourcecode.swift; name = Observable.swift; path = Core/Observable.swift; sourceTree = "<group>"; };
		878BA4AA1DDD286100D59E34 /* RenderSystem.swift */ = {isa = PBXFileReference; fileEncoding = 4; lastKnownFileType = sourcecode.swift; path = RenderSystem.swift; sourceTree = "<group>"; };
		87A48FC11DDD0BCC00F22E13 /* RenderComponent.swift */ = {isa = PBXFileReference; fileEncoding = 4; lastKnownFileType = sourcecode.swift; path = RenderComponent.swift; sourceTree = "<group>"; };
		87AA5E851DDC383E000F5EDA /* taknada.app */ = {isa = PBXFileReference; explicitFileType = wrapper.application; includeInIndex = 0; path = taknada.app; sourceTree = BUILT_PRODUCTS_DIR; };
		87AA5E881DDC383E000F5EDA /* AppDelegate.swift */ = {isa = PBXFileReference; lastKnownFileType = sourcecode.swift; path = AppDelegate.swift; sourceTree = "<group>"; };
		87AA5E8F1DDC383E000F5EDA /* Assets.xcassets */ = {isa = PBXFileReference; lastKnownFileType = folder.assetcatalog; path = Assets.xcassets; sourceTree = "<group>"; };
		87AA5E921DDC383E000F5EDA /* Base */ = {isa = PBXFileReference; lastKnownFileType = file.storyboard; name = Base; path = Base.lproj/LaunchScreen.storyboard; sourceTree = "<group>"; };
		87AA5E941DDC383E000F5EDA /* Info.plist */ = {isa = PBXFileReference; lastKnownFileType = text.plist.xml; path = Info.plist; sourceTree = "<group>"; };
		87AA5E991DDC383E000F5EDA /* taknadaTests.xctest */ = {isa = PBXFileReference; explicitFileType = wrapper.cfbundle; includeInIndex = 0; path = taknadaTests.xctest; sourceTree = BUILT_PRODUCTS_DIR; };
		87AA5E9D1DDC383E000F5EDA /* taknadaTests.swift */ = {isa = PBXFileReference; lastKnownFileType = sourcecode.swift; path = taknadaTests.swift; sourceTree = "<group>"; };
		87AA5E9F1DDC383E000F5EDA /* Info.plist */ = {isa = PBXFileReference; lastKnownFileType = text.plist.xml; path = Info.plist; sourceTree = "<group>"; };
/* End PBXFileReference section */

/* Begin PBXFrameworksBuildPhase section */
		87AA5E821DDC383E000F5EDA /* Frameworks */ = {
			isa = PBXFrameworksBuildPhase;
			buildActionMask = 2147483647;
			files = (
			);
			runOnlyForDeploymentPostprocessing = 0;
		};
		87AA5E961DDC383E000F5EDA /* Frameworks */ = {
			isa = PBXFrameworksBuildPhase;
			buildActionMask = 2147483647;
			files = (
			);
			runOnlyForDeploymentPostprocessing = 0;
		};
/* End PBXFrameworksBuildPhase section */

/* Begin PBXGroup section */
		874882CB1DE4FC550047D39A /* Core */ = {
			isa = PBXGroup;
			children = (
				874882CC1DE4FC5E0047D39A /* Entity.swift */,
				874882D41DE500000047D39A /* EntityRef.swift */,
				874882CE1DE4FC730047D39A /* Environment.swift */,
				874882D21DE4FFEF0047D39A /* External.swift */,
				874882D81DE5038D0047D39A /* Observable.swift */,
				874882D61DE500850047D39A /* TextRepresetable.swift */,
			);
			name = Core;
			sourceTree = "<group>";
		};
		87A48FBA1DDCF7C400F22E13 /* ios_stuff */ = {
			isa = PBXGroup;
			children = (
				87AA5E881DDC383E000F5EDA /* AppDelegate.swift */,
				87AA5E8F1DDC383E000F5EDA /* Assets.xcassets */,
				87AA5E911DDC383E000F5EDA /* LaunchScreen.storyboard */,
				87AA5E941DDC383E000F5EDA /* Info.plist */,
			);
			name = ios_stuff;
			sourceTree = "<group>";
		};
		87AA5E7C1DDC383E000F5EDA = {
			isa = PBXGroup;
			children = (
				87AA5E871DDC383E000F5EDA /* taknada */,
				87AA5E9C1DDC383E000F5EDA /* taknadaTests */,
				87AA5E861DDC383E000F5EDA /* Products */,
			);
			sourceTree = "<group>";
		};
		87AA5E861DDC383E000F5EDA /* Products */ = {
			isa = PBXGroup;
			children = (
				87AA5E851DDC383E000F5EDA /* taknada.app */,
				87AA5E991DDC383E000F5EDA /* taknadaTests.xctest */,
			);
			name = Products;
			sourceTree = "<group>";
		};
		87AA5E871DDC383E000F5EDA /* taknada */ = {
			isa = PBXGroup;
			children = (
				874882CB1DE4FC550047D39A /* Core */,
				87A48FBA1DDCF7C400F22E13 /* ios_stuff */,
				87A48FC11DDD0BCC00F22E13 /* RenderComponent.swift */,
				878BA4AA1DDD286100D59E34 /* RenderSystem.swift */,
			);
			path = taknada;
			sourceTree = "<group>";
		};
		87AA5E9C1DDC383E000F5EDA /* taknadaTests */ = {
			isa = PBXGroup;
			children = (
				87AA5E9D1DDC383E000F5EDA /* taknadaTests.swift */,
				87AA5E9F1DDC383E000F5EDA /* Info.plist */,
			);
			path = taknadaTests;
			sourceTree = "<group>";
		};
/* End PBXGroup section */

/* Begin PBXNativeTarget section */
		87AA5E841DDC383E000F5EDA /* taknada */ = {
			isa = PBXNativeTarget;
			buildConfigurationList = 87AA5EA21DDC383E000F5EDA /* Build configuration list for PBXNativeTarget "taknada" */;
			buildPhases = (
				87AA5E811DDC383E000F5EDA /* Sources */,
				87AA5E821DDC383E000F5EDA /* Frameworks */,
				87AA5E831DDC383E000F5EDA /* Resources */,
			);
			buildRules = (
			);
			dependencies = (
			);
			name = taknada;
			productName = taknada;
			productReference = 87AA5E851DDC383E000F5EDA /* taknada.app */;
			productType = "com.apple.product-type.application";
		};
		87AA5E981DDC383E000F5EDA /* taknadaTests */ = {
			isa = PBXNativeTarget;
			buildConfigurationList = 87AA5EA51DDC383E000F5EDA /* Build configuration list for PBXNativeTarget "taknadaTests" */;
			buildPhases = (
				87AA5E951DDC383E000F5EDA /* Sources */,
				87AA5E961DDC383E000F5EDA /* Frameworks */,
				87AA5E971DDC383E000F5EDA /* Resources */,
			);
			buildRules = (
			);
			dependencies = (
				87AA5E9B1DDC383E000F5EDA /* PBXTargetDependency */,
			);
			name = taknadaTests;
			productName = taknadaTests;
			productReference = 87AA5E991DDC383E000F5EDA /* taknadaTests.xctest */;
			productType = "com.apple.product-type.bundle.unit-test";
		};
/* End PBXNativeTarget section */

/* Begin PBXProject section */
		87AA5E7D1DDC383E000F5EDA /* Project object */ = {
			isa = PBXProject;
			attributes = {
				LastSwiftUpdateCheck = 0810;
				LastUpgradeCheck = 0810;
				ORGANIZATIONNAME = taknada;
				TargetAttributes = {
					87AA5E841DDC383E000F5EDA = {
						CreatedOnToolsVersion = 8.1;
						ProvisioningStyle = Automatic;
					};
					87AA5E981DDC383E000F5EDA = {
						CreatedOnToolsVersion = 8.1;
						ProvisioningStyle = Automatic;
						TestTargetID = 87AA5E841DDC383E000F5EDA;
					};
				};
			};
			buildConfigurationList = 87AA5E801DDC383E000F5EDA /* Build configuration list for PBXProject "taknada" */;
			compatibilityVersion = "Xcode 3.2";
			developmentRegion = English;
			hasScannedForEncodings = 0;
			knownRegions = (
				en,
				Base,
			);
			mainGroup = 87AA5E7C1DDC383E000F5EDA;
			productRefGroup = 87AA5E861DDC383E000F5EDA /* Products */;
			projectDirPath = "";
			projectRoot = "";
			targets = (
				87AA5E841DDC383E000F5EDA /* taknada */,
				87AA5E981DDC383E000F5EDA /* taknadaTests */,
			);
		};
/* End PBXProject section */

/* Begin PBXResourcesBuildPhase section */
		87AA5E831DDC383E000F5EDA /* Resources */ = {
			isa = PBXResourcesBuildPhase;
			buildActionMask = 2147483647;
			files = (
				87AA5E931DDC383E000F5EDA /* LaunchScreen.storyboard in Resources */,
				87AA5E901DDC383E000F5EDA /* Assets.xcassets in Resources */,
			);
			runOnlyForDeploymentPostprocessing = 0;
		};
		87AA5E971DDC383E000F5EDA /* Resources */ = {
			isa = PBXResourcesBuildPhase;
			buildActionMask = 2147483647;
			files = (
			);
			runOnlyForDeploymentPostprocessing = 0;
		};
/* End PBXResourcesBuildPhase section */

/* Begin PBXSourcesBuildPhase section */
		87AA5E811DDC383E000F5EDA /* Sources */ = {
			isa = PBXSourcesBuildPhase;
			buildActionMask = 2147483647;
			files = (
				87AA5E891DDC383E000F5EDA /* AppDelegate.swift in Sources */,
				878BA4AB1DDD286100D59E34 /* RenderSystem.swift in Sources */,
				874882CD1DE4FC5E0047D39A /* Entity.swift in Sources */,
				87A48FC21DDD0BCC00F22E13 /* RenderComponent.swift in Sources */,
				874882D91DE5038D0047D39A /* Observable.swift in Sources */,
				874882D51DE500000047D39A /* EntityRef.swift in Sources */,
				874882D31DE4FFEF0047D39A /* External.swift in Sources */,
				874882D71DE500850047D39A /* TextRepresetable.swift in Sources */,
				874882CF1DE4FC730047D39A /* Environment.swift in Sources */,
			);
			runOnlyForDeploymentPostprocessing = 0;
		};
		87AA5E951DDC383E000F5EDA /* Sources */ = {
			isa = PBXSourcesBuildPhase;
			buildActionMask = 2147483647;
			files = (
				87AA5E9E1DDC383E000F5EDA /* taknadaTests.swift in Sources */,
			);
			runOnlyForDeploymentPostprocessing = 0;
		};
/* End PBXSourcesBuildPhase section */

/* Begin PBXTargetDependency section */
		87AA5E9B1DDC383E000F5EDA /* PBXTargetDependency */ = {
			isa = PBXTargetDependency;
			target = 87AA5E841DDC383E000F5EDA /* taknada */;
			targetProxy = 87AA5E9A1DDC383E000F5EDA /* PBXContainerItemProxy */;
		};
/* End PBXTargetDependency section */

/* Begin PBXVariantGroup section */
		87AA5E911DDC383E000F5EDA /* LaunchScreen.storyboard */ = {
			isa = PBXVariantGroup;
			children = (
				87AA5E921DDC383E000F5EDA /* Base */,
			);
			name = LaunchScreen.storyboard;
			sourceTree = "<group>";
		};
/* End PBXVariantGroup section */

/* Begin XCBuildConfiguration section */
		87AA5EA01DDC383E000F5EDA /* Debug */ = {
			isa = XCBuildConfiguration;
			buildSettings = {
				ALWAYS_SEARCH_USER_PATHS = NO;
				CLANG_ANALYZER_NONNULL = YES;
				CLANG_CXX_LANGUAGE_STANDARD = "gnu++0x";
				CLANG_CXX_LIBRARY = "libc++";
				CLANG_ENABLE_MODULES = YES;
				CLANG_ENABLE_OBJC_ARC = YES;
				CLANG_WARN_BOOL_CONVERSION = YES;
				CLANG_WARN_CONSTANT_CONVERSION = YES;
				CLANG_WARN_DIRECT_OBJC_ISA_USAGE = YES_ERROR;
				CLANG_WARN_DOCUMENTATION_COMMENTS = YES;
				CLANG_WARN_EMPTY_BODY = YES;
				CLANG_WARN_ENUM_CONVERSION = YES;
				CLANG_WARN_INFINITE_RECURSION = YES;
				CLANG_WARN_INT_CONVERSION = YES;
				CLANG_WARN_OBJC_ROOT_CLASS = YES_ERROR;
				CLANG_WARN_SUSPICIOUS_MOVES = YES;
				CLANG_WARN_UNREACHABLE_CODE = YES;
				CLANG_WARN__DUPLICATE_METHOD_MATCH = YES;
				"CODE_SIGN_IDENTITY[sdk=iphoneos*]" = "iPhone Developer";
				COPY_PHASE_STRIP = NO;
				DEBUG_INFORMATION_FORMAT = dwarf;
				ENABLE_STRICT_OBJC_MSGSEND = YES;
				ENABLE_TESTABILITY = YES;
				GCC_C_LANGUAGE_STANDARD = gnu99;
				GCC_DYNAMIC_NO_PIC = NO;
				GCC_NO_COMMON_BLOCKS = YES;
				GCC_OPTIMIZATION_LEVEL = 0;
				GCC_PREPROCESSOR_DEFINITIONS = (
					"DEBUG=1",
					"$(inherited)",
				);
				GCC_WARN_64_TO_32_BIT_CONVERSION = YES;
				GCC_WARN_ABOUT_RETURN_TYPE = YES_ERROR;
				GCC_WARN_UNDECLARED_SELECTOR = YES;
				GCC_WARN_UNINITIALIZED_AUTOS = YES_AGGRESSIVE;
				GCC_WARN_UNUSED_FUNCTION = YES;
				GCC_WARN_UNUSED_VARIABLE = YES;
				IPHONEOS_DEPLOYMENT_TARGET = 10.1;
				MTL_ENABLE_DEBUG_INFO = YES;
				ONLY_ACTIVE_ARCH = YES;
				SDKROOT = iphoneos;
				SWIFT_ACTIVE_COMPILATION_CONDITIONS = DEBUG;
				SWIFT_OPTIMIZATION_LEVEL = "-Onone";
				TARGETED_DEVICE_FAMILY = "1,2";
			};
			name = Debug;
		};
		87AA5EA11DDC383E000F5EDA /* Release */ = {
			isa = XCBuildConfiguration;
			buildSettings = {
				ALWAYS_SEARCH_USER_PATHS = NO;
				CLANG_ANALYZER_NONNULL = YES;
				CLANG_CXX_LANGUAGE_STANDARD = "gnu++0x";
				CLANG_CXX_LIBRARY = "libc++";
				CLANG_ENABLE_MODULES = YES;
				CLANG_ENABLE_OBJC_ARC = YES;
				CLANG_WARN_BOOL_CONVERSION = YES;
				CLANG_WARN_CONSTANT_CONVERSION = YES;
				CLANG_WARN_DIRECT_OBJC_ISA_USAGE = YES_ERROR;
				CLANG_WARN_DOCUMENTATION_COMMENTS = YES;
				CLANG_WARN_EMPTY_BODY = YES;
				CLANG_WARN_ENUM_CONVERSION = YES;
				CLANG_WARN_INFINITE_RECURSION = YES;
				CLANG_WARN_INT_CONVERSION = YES;
				CLANG_WARN_OBJC_ROOT_CLASS = YES_ERROR;
				CLANG_WARN_SUSPICIOUS_MOVES = YES;
				CLANG_WARN_UNREACHABLE_CODE = YES;
				CLANG_WARN__DUPLICATE_METHOD_MATCH = YES;
				"CODE_SIGN_IDENTITY[sdk=iphoneos*]" = "iPhone Developer";
				COPY_PHASE_STRIP = NO;
				DEBUG_INFORMATION_FORMAT = "dwarf-with-dsym";
				ENABLE_NS_ASSERTIONS = NO;
				ENABLE_STRICT_OBJC_MSGSEND = YES;
				GCC_C_LANGUAGE_STANDARD = gnu99;
				GCC_NO_COMMON_BLOCKS = YES;
				GCC_WARN_64_TO_32_BIT_CONVERSION = YES;
				GCC_WARN_ABOUT_RETURN_TYPE = YES_ERROR;
				GCC_WARN_UNDECLARED_SELECTOR = YES;
				GCC_WARN_UNINITIALIZED_AUTOS = YES_AGGRESSIVE;
				GCC_WARN_UNUSED_FUNCTION = YES;
				GCC_WARN_UNUSED_VARIABLE = YES;
				IPHONEOS_DEPLOYMENT_TARGET = 10.1;
				MTL_ENABLE_DEBUG_INFO = NO;
				SDKROOT = iphoneos;
				SWIFT_OPTIMIZATION_LEVEL = "-Owholemodule";
				TARGETED_DEVICE_FAMILY = "1,2";
				VALIDATE_PRODUCT = YES;
			};
			name = Release;
		};
		87AA5EA31DDC383E000F5EDA /* Debug */ = {
			isa = XCBuildConfiguration;
			buildSettings = {
				ASSETCATALOG_COMPILER_APPICON_NAME = AppIcon;
				INFOPLIST_FILE = taknada/Info.plist;
				LD_RUNPATH_SEARCH_PATHS = "$(inherited) @executable_path/Frameworks";
				PRODUCT_BUNDLE_IDENTIFIER = org.taknada;
				PRODUCT_NAME = "$(TARGET_NAME)";
				SWIFT_VERSION = 3.0;
			};
			name = Debug;
		};
		87AA5EA41DDC383E000F5EDA /* Release */ = {
			isa = XCBuildConfiguration;
			buildSettings = {
				ASSETCATALOG_COMPILER_APPICON_NAME = AppIcon;
				INFOPLIST_FILE = taknada/Info.plist;
				LD_RUNPATH_SEARCH_PATHS = "$(inherited) @executable_path/Frameworks";
				PRODUCT_BUNDLE_IDENTIFIER = org.taknada;
				PRODUCT_NAME = "$(TARGET_NAME)";
				SWIFT_VERSION = 3.0;
			};
			name = Release;
		};
		87AA5EA61DDC383E000F5EDA /* Debug */ = {
			isa = XCBuildConfiguration;
			buildSettings = {
				ALWAYS_EMBED_SWIFT_STANDARD_LIBRARIES = YES;
				BUNDLE_LOADER = "$(TEST_HOST)";
				INFOPLIST_FILE = taknadaTests/Info.plist;
				LD_RUNPATH_SEARCH_PATHS = "$(inherited) @executable_path/Frameworks @loader_path/Frameworks";
				PRODUCT_BUNDLE_IDENTIFIER = org.taknadaTests;
				PRODUCT_NAME = "$(TARGET_NAME)";
				SWIFT_VERSION = 3.0;
				TEST_HOST = "$(BUILT_PRODUCTS_DIR)/taknada.app/taknada";
			};
			name = Debug;
		};
		87AA5EA71DDC383E000F5EDA /* Release */ = {
			isa = XCBuildConfiguration;
			buildSettings = {
				ALWAYS_EMBED_SWIFT_STANDARD_LIBRARIES = YES;
				BUNDLE_LOADER = "$(TEST_HOST)";
				INFOPLIST_FILE = taknadaTests/Info.plist;
				LD_RUNPATH_SEARCH_PATHS = "$(inherited) @executable_path/Frameworks @loader_path/Frameworks";
				PRODUCT_BUNDLE_IDENTIFIER = org.taknadaTests;
				PRODUCT_NAME = "$(TARGET_NAME)";
				SWIFT_VERSION = 3.0;
				TEST_HOST = "$(BUILT_PRODUCTS_DIR)/taknada.app/taknada";
			};
			name = Release;
		};
/* End XCBuildConfiguration section */

/* Begin XCConfigurationList section */
		87AA5E801DDC383E000F5EDA /* Build configuration list for PBXProject "taknada" */ = {
			isa = XCConfigurationList;
			buildConfigurations = (
				87AA5EA01DDC383E000F5EDA /* Debug */,
				87AA5EA11DDC383E000F5EDA /* Release */,
			);
			defaultConfigurationIsVisible = 0;
			defaultConfigurationName = Release;
		};
		87AA5EA21DDC383E000F5EDA /* Build configuration list for PBXNativeTarget "taknada" */ = {
			isa = XCConfigurationList;
			buildConfigurations = (
				87AA5EA31DDC383E000F5EDA /* Debug */,
				87AA5EA41DDC383E000F5EDA /* Release */,
			);
			defaultConfigurationIsVisible = 0;
			defaultConfigurationName = Release;
		};
		87AA5EA51DDC383E000F5EDA /* Build configuration list for PBXNativeTarget "taknadaTests" */ = {
			isa = XCConfigurationList;
			buildConfigurations = (
				87AA5EA61DDC383E000F5EDA /* Debug */,
				87AA5EA71DDC383E000F5EDA /* Release */,
			);
			defaultConfigurationIsVisible = 0;
			defaultConfigurationName = Release;
		};
/* End XCConfigurationList section */
	};
	rootObject = 87AA5E7D1DDC383E000F5EDA /* Project object */;
}
