// !$*UTF8*$!
{
	archiveVersion = 1;
	classes = {
	};
	objectVersion = 46;
	objects = {

/* Begin PBXBuildFile section */
		874B2BCE1CD94E18001E118F /* LayoutDataStorage.swift in Sources */ = {isa = PBXBuildFile; fileRef = 874B2BCD1CD94E18001E118F /* LayoutDataStorage.swift */; };
		874B2BD01CD94E41001E118F /* RenderDataStorage.swift in Sources */ = {isa = PBXBuildFile; fileRef = 874B2BCF1CD94E41001E118F /* RenderDataStorage.swift */; };
		874D8F301CDAA7E50054B49D /* TextDataStorage.swift in Sources */ = {isa = PBXBuildFile; fileRef = 874D8F2F1CDAA7E50054B49D /* TextDataStorage.swift */; };
		877825F01CE28DF100FC7B9B /* LayoutToRenderSyncScript.swift in Sources */ = {isa = PBXBuildFile; fileRef = 877825EF1CE28DF100FC7B9B /* LayoutToRenderSyncScript.swift */; };
		877825F41CE3E16400FC7B9B /* TextRender.swift in Sources */ = {isa = PBXBuildFile; fileRef = 877825F31CE3E16400FC7B9B /* TextRender.swift */; };
		877825F61CE3E1AC00FC7B9B /* TextLayout.swift in Sources */ = {isa = PBXBuildFile; fileRef = 877825F51CE3E1AC00FC7B9B /* TextLayout.swift */; };
		877825F81CE3E1D200FC7B9B /* TextSyncScript.swift in Sources */ = {isa = PBXBuildFile; fileRef = 877825F71CE3E1D200FC7B9B /* TextSyncScript.swift */; };
		877825FA1CE3E41E00FC7B9B /* StackLayout.swift in Sources */ = {isa = PBXBuildFile; fileRef = 877825F91CE3E41E00FC7B9B /* StackLayout.swift */; };
		8778350D1CD8217D00CD77FF /* DataStorage.swift in Sources */ = {isa = PBXBuildFile; fileRef = 8778350C1CD8217D00CD77FF /* DataStorage.swift */; };
		87792AA91CCEC29C00588025 /* DispatchSystem.swift in Sources */ = {isa = PBXBuildFile; fileRef = 87792AA81CCEC29C00588025 /* DispatchSystem.swift */; };
		87792AAC1CD164B800588025 /* Input.swift in Sources */ = {isa = PBXBuildFile; fileRef = 87792AAB1CD164B800588025 /* Input.swift */; };
		87792AAF1CD1796A00588025 /* Dispatcher.swift in Sources */ = {isa = PBXBuildFile; fileRef = 87792AAE1CD1796A00588025 /* Dispatcher.swift */; };
		87F960D61CC1867800A7B3E2 /* AppDelegate.swift in Sources */ = {isa = PBXBuildFile; fileRef = 87F960D51CC1867800A7B3E2 /* AppDelegate.swift */; };
		87F960DD1CC1867800A7B3E2 /* Assets.xcassets in Resources */ = {isa = PBXBuildFile; fileRef = 87F960DC1CC1867800A7B3E2 /* Assets.xcassets */; };
		87F960E01CC1867800A7B3E2 /* LaunchScreen.storyboard in Resources */ = {isa = PBXBuildFile; fileRef = 87F960DE1CC1867800A7B3E2 /* LaunchScreen.storyboard */; };
		87F960EB1CC1867800A7B3E2 /* taknadaTests.swift in Sources */ = {isa = PBXBuildFile; fileRef = 87F960EA1CC1867800A7B3E2 /* taknadaTests.swift */; };
		87F960FA1CC186FE00A7B3E2 /* SystemLocator.swift in Sources */ = {isa = PBXBuildFile; fileRef = 87F960F91CC186FE00A7B3E2 /* SystemLocator.swift */; };
		87F960FC1CC1873F00A7B3E2 /* RenderSystem.swift in Sources */ = {isa = PBXBuildFile; fileRef = 87F960FB1CC1873F00A7B3E2 /* RenderSystem.swift */; };
		87F960FE1CC1875800A7B3E2 /* LayoutSystem.swift in Sources */ = {isa = PBXBuildFile; fileRef = 87F960FD1CC1875800A7B3E2 /* LayoutSystem.swift */; };
		87F961001CC1877A00A7B3E2 /* System.swift in Sources */ = {isa = PBXBuildFile; fileRef = 87F960FF1CC1877A00A7B3E2 /* System.swift */; };
		87F961021CC1885E00A7B3E2 /* Component.swift in Sources */ = {isa = PBXBuildFile; fileRef = 87F961011CC1885E00A7B3E2 /* Component.swift */; };
		87F961041CC189FB00A7B3E2 /* Render.swift in Sources */ = {isa = PBXBuildFile; fileRef = 87F961031CC189FB00A7B3E2 /* Render.swift */; };
		87F961061CC18A0B00A7B3E2 /* Layout.swift in Sources */ = {isa = PBXBuildFile; fileRef = 87F961051CC18A0B00A7B3E2 /* Layout.swift */; };
		87F9610A1CC18A7500A7B3E2 /* Entity.swift in Sources */ = {isa = PBXBuildFile; fileRef = 87F961091CC18A7500A7B3E2 /* Entity.swift */; };
		87F9610C1CC27D6F00A7B3E2 /* MapRender.swift in Sources */ = {isa = PBXBuildFile; fileRef = 87F9610B1CC27D6F00A7B3E2 /* MapRender.swift */; };
		87F9610E1CC2829200A7B3E2 /* EntityFactory.swift in Sources */ = {isa = PBXBuildFile; fileRef = 87F9610D1CC2829200A7B3E2 /* EntityFactory.swift */; };
		87F961131CC2E08300A7B3E2 /* ScrollableInput.swift in Sources */ = {isa = PBXBuildFile; fileRef = 87F961121CC2E08300A7B3E2 /* ScrollableInput.swift */; };
		87F9611A1CC2FC0700A7B3E2 /* DraggableInput.swift in Sources */ = {isa = PBXBuildFile; fileRef = 87F961191CC2FC0700A7B3E2 /* DraggableInput.swift */; };
		87F9611C1CC3027200A7B3E2 /* Script.swift in Sources */ = {isa = PBXBuildFile; fileRef = 87F9611B1CC3027200A7B3E2 /* Script.swift */; };
/* End PBXBuildFile section */

/* Begin PBXContainerItemProxy section */
		87F960E71CC1867800A7B3E2 /* PBXContainerItemProxy */ = {
			isa = PBXContainerItemProxy;
			containerPortal = 87F960CA1CC1867800A7B3E2 /* Project object */;
			proxyType = 1;
			remoteGlobalIDString = 87F960D11CC1867800A7B3E2;
			remoteInfo = taknada;
		};
/* End PBXContainerItemProxy section */

/* Begin PBXFileReference section */
		874B2BCD1CD94E18001E118F /* LayoutDataStorage.swift */ = {isa = PBXFileReference; fileEncoding = 4; lastKnownFileType = sourcecode.swift; path = LayoutDataStorage.swift; sourceTree = "<group>"; };
		874B2BCF1CD94E41001E118F /* RenderDataStorage.swift */ = {isa = PBXFileReference; fileEncoding = 4; lastKnownFileType = sourcecode.swift; path = RenderDataStorage.swift; sourceTree = "<group>"; };
		874D8F2F1CDAA7E50054B49D /* TextDataStorage.swift */ = {isa = PBXFileReference; fileEncoding = 4; lastKnownFileType = sourcecode.swift; path = TextDataStorage.swift; sourceTree = "<group>"; };
		877825EF1CE28DF100FC7B9B /* LayoutToRenderSyncScript.swift */ = {isa = PBXFileReference; fileEncoding = 4; lastKnownFileType = sourcecode.swift; path = LayoutToRenderSyncScript.swift; sourceTree = "<group>"; };
		877825F31CE3E16400FC7B9B /* TextRender.swift */ = {isa = PBXFileReference; fileEncoding = 4; lastKnownFileType = sourcecode.swift; path = TextRender.swift; sourceTree = "<group>"; };
		877825F51CE3E1AC00FC7B9B /* TextLayout.swift */ = {isa = PBXFileReference; fileEncoding = 4; lastKnownFileType = sourcecode.swift; path = TextLayout.swift; sourceTree = "<group>"; };
		877825F71CE3E1D200FC7B9B /* TextSyncScript.swift */ = {isa = PBXFileReference; fileEncoding = 4; lastKnownFileType = sourcecode.swift; path = TextSyncScript.swift; sourceTree = "<group>"; };
		877825F91CE3E41E00FC7B9B /* StackLayout.swift */ = {isa = PBXFileReference; fileEncoding = 4; lastKnownFileType = sourcecode.swift; path = StackLayout.swift; sourceTree = "<group>"; };
		8778350C1CD8217D00CD77FF /* DataStorage.swift */ = {isa = PBXFileReference; fileEncoding = 4; lastKnownFileType = sourcecode.swift; path = DataStorage.swift; sourceTree = "<group>"; };
		87792AA81CCEC29C00588025 /* DispatchSystem.swift */ = {isa = PBXFileReference; fileEncoding = 4; lastKnownFileType = sourcecode.swift; path = DispatchSystem.swift; sourceTree = "<group>"; };
		87792AAB1CD164B800588025 /* Input.swift */ = {isa = PBXFileReference; fileEncoding = 4; lastKnownFileType = sourcecode.swift; path = Input.swift; sourceTree = "<group>"; };
		87792AAE1CD1796A00588025 /* Dispatcher.swift */ = {isa = PBXFileReference; fileEncoding = 4; lastKnownFileType = sourcecode.swift; path = Dispatcher.swift; sourceTree = "<group>"; };
		87F960D21CC1867800A7B3E2 /* taknada.app */ = {isa = PBXFileReference; explicitFileType = wrapper.application; includeInIndex = 0; path = taknada.app; sourceTree = BUILT_PRODUCTS_DIR; };
		87F960D51CC1867800A7B3E2 /* AppDelegate.swift */ = {isa = PBXFileReference; lastKnownFileType = sourcecode.swift; path = AppDelegate.swift; sourceTree = "<group>"; };
		87F960DC1CC1867800A7B3E2 /* Assets.xcassets */ = {isa = PBXFileReference; lastKnownFileType = folder.assetcatalog; path = Assets.xcassets; sourceTree = "<group>"; };
		87F960DF1CC1867800A7B3E2 /* Base */ = {isa = PBXFileReference; lastKnownFileType = file.storyboard; name = Base; path = Base.lproj/LaunchScreen.storyboard; sourceTree = "<group>"; };
		87F960E11CC1867800A7B3E2 /* Info.plist */ = {isa = PBXFileReference; lastKnownFileType = text.plist.xml; path = Info.plist; sourceTree = "<group>"; };
		87F960E61CC1867800A7B3E2 /* taknadaTests.xctest */ = {isa = PBXFileReference; explicitFileType = wrapper.cfbundle; includeInIndex = 0; path = taknadaTests.xctest; sourceTree = BUILT_PRODUCTS_DIR; };
		87F960EA1CC1867800A7B3E2 /* taknadaTests.swift */ = {isa = PBXFileReference; lastKnownFileType = sourcecode.swift; path = taknadaTests.swift; sourceTree = "<group>"; };
		87F960EC1CC1867800A7B3E2 /* Info.plist */ = {isa = PBXFileReference; lastKnownFileType = text.plist.xml; path = Info.plist; sourceTree = "<group>"; };
		87F960F91CC186FE00A7B3E2 /* SystemLocator.swift */ = {isa = PBXFileReference; fileEncoding = 4; lastKnownFileType = sourcecode.swift; path = SystemLocator.swift; sourceTree = "<group>"; };
		87F960FB1CC1873F00A7B3E2 /* RenderSystem.swift */ = {isa = PBXFileReference; fileEncoding = 4; lastKnownFileType = sourcecode.swift; path = RenderSystem.swift; sourceTree = "<group>"; };
		87F960FD1CC1875800A7B3E2 /* LayoutSystem.swift */ = {isa = PBXFileReference; fileEncoding = 4; lastKnownFileType = sourcecode.swift; path = LayoutSystem.swift; sourceTree = "<group>"; };
		87F960FF1CC1877A00A7B3E2 /* System.swift */ = {isa = PBXFileReference; fileEncoding = 4; lastKnownFileType = sourcecode.swift; path = System.swift; sourceTree = "<group>"; };
		87F961011CC1885E00A7B3E2 /* Component.swift */ = {isa = PBXFileReference; fileEncoding = 4; lastKnownFileType = sourcecode.swift; path = Component.swift; sourceTree = "<group>"; };
		87F961031CC189FB00A7B3E2 /* Render.swift */ = {isa = PBXFileReference; fileEncoding = 4; lastKnownFileType = sourcecode.swift; path = Render.swift; sourceTree = "<group>"; };
		87F961051CC18A0B00A7B3E2 /* Layout.swift */ = {isa = PBXFileReference; fileEncoding = 4; lastKnownFileType = sourcecode.swift; path = Layout.swift; sourceTree = "<group>"; };
		87F961091CC18A7500A7B3E2 /* Entity.swift */ = {isa = PBXFileReference; fileEncoding = 4; lastKnownFileType = sourcecode.swift; path = Entity.swift; sourceTree = "<group>"; };
		87F9610B1CC27D6F00A7B3E2 /* MapRender.swift */ = {isa = PBXFileReference; fileEncoding = 4; lastKnownFileType = sourcecode.swift; path = MapRender.swift; sourceTree = "<group>"; };
		87F9610D1CC2829200A7B3E2 /* EntityFactory.swift */ = {isa = PBXFileReference; fileEncoding = 4; lastKnownFileType = sourcecode.swift; path = EntityFactory.swift; sourceTree = "<group>"; };
		87F961121CC2E08300A7B3E2 /* ScrollableInput.swift */ = {isa = PBXFileReference; fileEncoding = 4; lastKnownFileType = sourcecode.swift; path = ScrollableInput.swift; sourceTree = "<group>"; };
		87F961191CC2FC0700A7B3E2 /* DraggableInput.swift */ = {isa = PBXFileReference; fileEncoding = 4; lastKnownFileType = sourcecode.swift; path = DraggableInput.swift; sourceTree = "<group>"; };
		87F9611B1CC3027200A7B3E2 /* Script.swift */ = {isa = PBXFileReference; fileEncoding = 4; lastKnownFileType = sourcecode.swift; path = Script.swift; sourceTree = "<group>"; };
/* End PBXFileReference section */

/* Begin PBXFrameworksBuildPhase section */
		87F960CF1CC1867800A7B3E2 /* Frameworks */ = {
			isa = PBXFrameworksBuildPhase;
			buildActionMask = 2147483647;
			files = (
			);
			runOnlyForDeploymentPostprocessing = 0;
		};
		87F960E31CC1867800A7B3E2 /* Frameworks */ = {
			isa = PBXFrameworksBuildPhase;
			buildActionMask = 2147483647;
			files = (
			);
			runOnlyForDeploymentPostprocessing = 0;
		};
/* End PBXFrameworksBuildPhase section */

/* Begin PBXGroup section */
		874B2BCC1CD94BF8001E118F /* Layout */ = {
			isa = PBXGroup;
			children = (
				87F961051CC18A0B00A7B3E2 /* Layout.swift */,
				877825F91CE3E41E00FC7B9B /* StackLayout.swift */,
				874B2BCD1CD94E18001E118F /* LayoutDataStorage.swift */,
			);
			name = Layout;
			sourceTree = "<group>";
		};
		877825F11CE2959B00FC7B9B /* Script */ = {
			isa = PBXGroup;
			children = (
				87F9611B1CC3027200A7B3E2 /* Script.swift */,
				877825EF1CE28DF100FC7B9B /* LayoutToRenderSyncScript.swift */,
			);
			name = Script;
			sourceTree = "<group>";
		};
		877825F21CE3E14E00FC7B9B /* Text */ = {
			isa = PBXGroup;
			children = (
				877825F31CE3E16400FC7B9B /* TextRender.swift */,
				877825F51CE3E1AC00FC7B9B /* TextLayout.swift */,
				874D8F2F1CDAA7E50054B49D /* TextDataStorage.swift */,
				877825F71CE3E1D200FC7B9B /* TextSyncScript.swift */,
			);
			name = Text;
			sourceTree = "<group>";
		};
		87792AAA1CD1643300588025 /* Input */ = {
			isa = PBXGroup;
			children = (
				87792AAB1CD164B800588025 /* Input.swift */,
				87F961191CC2FC0700A7B3E2 /* DraggableInput.swift */,
				87F961121CC2E08300A7B3E2 /* ScrollableInput.swift */,
			);
			name = Input;
			sourceTree = "<group>";
		};
		87F960C91CC1867800A7B3E2 = {
			isa = PBXGroup;
			children = (
				87F960D41CC1867800A7B3E2 /* taknada */,
				87F960E91CC1867800A7B3E2 /* taknadaTests */,
				87F960D31CC1867800A7B3E2 /* Products */,
			);
			sourceTree = "<group>";
		};
		87F960D31CC1867800A7B3E2 /* Products */ = {
			isa = PBXGroup;
			children = (
				87F960D21CC1867800A7B3E2 /* taknada.app */,
				87F960E61CC1867800A7B3E2 /* taknadaTests.xctest */,
			);
			name = Products;
			sourceTree = "<group>";
		};
		87F960D41CC1867800A7B3E2 /* taknada */ = {
			isa = PBXGroup;
			children = (
				87F960F81CC186B600A7B3E2 /* Entities */,
				87F960F71CC186B100A7B3E2 /* Components */,
				87F960F61CC186AA00A7B3E2 /* Systems */,
				87F960F51CC1869C00A7B3E2 /* App */,
			);
			path = taknada;
			sourceTree = "<group>";
		};
		87F960E91CC1867800A7B3E2 /* taknadaTests */ = {
			isa = PBXGroup;
			children = (
				87F960EA1CC1867800A7B3E2 /* taknadaTests.swift */,
				87F960EC1CC1867800A7B3E2 /* Info.plist */,
			);
			path = taknadaTests;
			sourceTree = "<group>";
		};
		87F960F51CC1869C00A7B3E2 /* App */ = {
			isa = PBXGroup;
			children = (
				87F960D51CC1867800A7B3E2 /* AppDelegate.swift */,
				87F960DC1CC1867800A7B3E2 /* Assets.xcassets */,
				87F960DE1CC1867800A7B3E2 /* LaunchScreen.storyboard */,
				87F960E11CC1867800A7B3E2 /* Info.plist */,
			);
			name = App;
			sourceTree = "<group>";
		};
		87F960F61CC186AA00A7B3E2 /* Systems */ = {
			isa = PBXGroup;
			children = (
				87F960FF1CC1877A00A7B3E2 /* System.swift */,
				87F960FB1CC1873F00A7B3E2 /* RenderSystem.swift */,
				87F960FD1CC1875800A7B3E2 /* LayoutSystem.swift */,
				87792AA81CCEC29C00588025 /* DispatchSystem.swift */,
				87F960F91CC186FE00A7B3E2 /* SystemLocator.swift */,
			);
			name = Systems;
			sourceTree = "<group>";
		};
		87F960F71CC186B100A7B3E2 /* Components */ = {
			isa = PBXGroup;
			children = (
				87F961011CC1885E00A7B3E2 /* Component.swift */,
				8778350C1CD8217D00CD77FF /* DataStorage.swift */,
				87792AAE1CD1796A00588025 /* Dispatcher.swift */,
				877825F21CE3E14E00FC7B9B /* Text */,
				874B2BCC1CD94BF8001E118F /* Layout */,
				87F961111CC2C69300A7B3E2 /* Render */,
				87792AAA1CD1643300588025 /* Input */,
				877825F11CE2959B00FC7B9B /* Script */,
			);
			name = Components;
			sourceTree = "<group>";
		};
		87F960F81CC186B600A7B3E2 /* Entities */ = {
			isa = PBXGroup;
			children = (
				87F961091CC18A7500A7B3E2 /* Entity.swift */,
				87F9610D1CC2829200A7B3E2 /* EntityFactory.swift */,
			);
			name = Entities;
			sourceTree = "<group>";
		};
		87F961111CC2C69300A7B3E2 /* Render */ = {
			isa = PBXGroup;
			children = (
				87F961031CC189FB00A7B3E2 /* Render.swift */,
				874B2BCF1CD94E41001E118F /* RenderDataStorage.swift */,
				87F9610B1CC27D6F00A7B3E2 /* MapRender.swift */,
			);
			name = Render;
			sourceTree = "<group>";
		};
/* End PBXGroup section */

/* Begin PBXNativeTarget section */
		87F960D11CC1867800A7B3E2 /* taknada */ = {
			isa = PBXNativeTarget;
			buildConfigurationList = 87F960EF1CC1867800A7B3E2 /* Build configuration list for PBXNativeTarget "taknada" */;
			buildPhases = (
				87F960CE1CC1867800A7B3E2 /* Sources */,
				87F960CF1CC1867800A7B3E2 /* Frameworks */,
				87F960D01CC1867800A7B3E2 /* Resources */,
			);
			buildRules = (
			);
			dependencies = (
			);
			name = taknada;
			productName = taknada;
			productReference = 87F960D21CC1867800A7B3E2 /* taknada.app */;
			productType = "com.apple.product-type.application";
		};
		87F960E51CC1867800A7B3E2 /* taknadaTests */ = {
			isa = PBXNativeTarget;
			buildConfigurationList = 87F960F21CC1867800A7B3E2 /* Build configuration list for PBXNativeTarget "taknadaTests" */;
			buildPhases = (
				87F960E21CC1867800A7B3E2 /* Sources */,
				87F960E31CC1867800A7B3E2 /* Frameworks */,
				87F960E41CC1867800A7B3E2 /* Resources */,
			);
			buildRules = (
			);
			dependencies = (
				87F960E81CC1867800A7B3E2 /* PBXTargetDependency */,
			);
			name = taknadaTests;
			productName = taknadaTests;
			productReference = 87F960E61CC1867800A7B3E2 /* taknadaTests.xctest */;
			productType = "com.apple.product-type.bundle.unit-test";
		};
/* End PBXNativeTarget section */

/* Begin PBXProject section */
		87F960CA1CC1867800A7B3E2 /* Project object */ = {
			isa = PBXProject;
			attributes = {
				LastSwiftUpdateCheck = 0730;
				LastUpgradeCheck = 0730;
				ORGANIZATIONNAME = ikashkuta;
				TargetAttributes = {
					87F960D11CC1867800A7B3E2 = {
						CreatedOnToolsVersion = 7.3;
						DevelopmentTeam = Q5YF7EC952;
					};
					87F960E51CC1867800A7B3E2 = {
						CreatedOnToolsVersion = 7.3;
						DevelopmentTeam = Q5YF7EC952;
						TestTargetID = 87F960D11CC1867800A7B3E2;
					};
				};
			};
			buildConfigurationList = 87F960CD1CC1867800A7B3E2 /* Build configuration list for PBXProject "taknada" */;
			compatibilityVersion = "Xcode 3.2";
			developmentRegion = English;
			hasScannedForEncodings = 0;
			knownRegions = (
				en,
				Base,
			);
			mainGroup = 87F960C91CC1867800A7B3E2;
			productRefGroup = 87F960D31CC1867800A7B3E2 /* Products */;
			projectDirPath = "";
			projectRoot = "";
			targets = (
				87F960D11CC1867800A7B3E2 /* taknada */,
				87F960E51CC1867800A7B3E2 /* taknadaTests */,
			);
		};
/* End PBXProject section */

/* Begin PBXResourcesBuildPhase section */
		87F960D01CC1867800A7B3E2 /* Resources */ = {
			isa = PBXResourcesBuildPhase;
			buildActionMask = 2147483647;
			files = (
				87F960E01CC1867800A7B3E2 /* LaunchScreen.storyboard in Resources */,
				87F960DD1CC1867800A7B3E2 /* Assets.xcassets in Resources */,
			);
			runOnlyForDeploymentPostprocessing = 0;
		};
		87F960E41CC1867800A7B3E2 /* Resources */ = {
			isa = PBXResourcesBuildPhase;
			buildActionMask = 2147483647;
			files = (
			);
			runOnlyForDeploymentPostprocessing = 0;
		};
/* End PBXResourcesBuildPhase section */

/* Begin PBXSourcesBuildPhase section */
		87F960CE1CC1867800A7B3E2 /* Sources */ = {
			isa = PBXSourcesBuildPhase;
			buildActionMask = 2147483647;
			files = (
				87F961021CC1885E00A7B3E2 /* Component.swift in Sources */,
				877825F01CE28DF100FC7B9B /* LayoutToRenderSyncScript.swift in Sources */,
				87F9610C1CC27D6F00A7B3E2 /* MapRender.swift in Sources */,
				87792AAF1CD1796A00588025 /* Dispatcher.swift in Sources */,
				874B2BCE1CD94E18001E118F /* LayoutDataStorage.swift in Sources */,
				87F961131CC2E08300A7B3E2 /* ScrollableInput.swift in Sources */,
				87F960D61CC1867800A7B3E2 /* AppDelegate.swift in Sources */,
				87792AA91CCEC29C00588025 /* DispatchSystem.swift in Sources */,
				87F9610E1CC2829200A7B3E2 /* EntityFactory.swift in Sources */,
				8778350D1CD8217D00CD77FF /* DataStorage.swift in Sources */,
				874B2BD01CD94E41001E118F /* RenderDataStorage.swift in Sources */,
				87F9611A1CC2FC0700A7B3E2 /* DraggableInput.swift in Sources */,
				87F9611C1CC3027200A7B3E2 /* Script.swift in Sources */,
				877825F41CE3E16400FC7B9B /* TextRender.swift in Sources */,
				87F961001CC1877A00A7B3E2 /* System.swift in Sources */,
				87F960FC1CC1873F00A7B3E2 /* RenderSystem.swift in Sources */,
				87F961061CC18A0B00A7B3E2 /* Layout.swift in Sources */,
				87F960FE1CC1875800A7B3E2 /* LayoutSystem.swift in Sources */,
				877825FA1CE3E41E00FC7B9B /* StackLayout.swift in Sources */,
				87F9610A1CC18A7500A7B3E2 /* Entity.swift in Sources */,
				87F960FA1CC186FE00A7B3E2 /* SystemLocator.swift in Sources */,
				877825F81CE3E1D200FC7B9B /* TextSyncScript.swift in Sources */,
				87792AAC1CD164B800588025 /* Input.swift in Sources */,
				874D8F301CDAA7E50054B49D /* TextDataStorage.swift in Sources */,
				877825F61CE3E1AC00FC7B9B /* TextLayout.swift in Sources */,
				87F961041CC189FB00A7B3E2 /* Render.swift in Sources */,
			);
			runOnlyForDeploymentPostprocessing = 0;
		};
		87F960E21CC1867800A7B3E2 /* Sources */ = {
			isa = PBXSourcesBuildPhase;
			buildActionMask = 2147483647;
			files = (
				87F960EB1CC1867800A7B3E2 /* taknadaTests.swift in Sources */,
			);
			runOnlyForDeploymentPostprocessing = 0;
		};
/* End PBXSourcesBuildPhase section */

/* Begin PBXTargetDependency section */
		87F960E81CC1867800A7B3E2 /* PBXTargetDependency */ = {
			isa = PBXTargetDependency;
			target = 87F960D11CC1867800A7B3E2 /* taknada */;
			targetProxy = 87F960E71CC1867800A7B3E2 /* PBXContainerItemProxy */;
		};
/* End PBXTargetDependency section */

/* Begin PBXVariantGroup section */
		87F960DE1CC1867800A7B3E2 /* LaunchScreen.storyboard */ = {
			isa = PBXVariantGroup;
			children = (
				87F960DF1CC1867800A7B3E2 /* Base */,
			);
			name = LaunchScreen.storyboard;
			sourceTree = "<group>";
		};
/* End PBXVariantGroup section */

/* Begin XCBuildConfiguration section */
		87F960ED1CC1867800A7B3E2 /* Debug */ = {
			isa = XCBuildConfiguration;
			buildSettings = {
				ALWAYS_SEARCH_USER_PATHS = NO;
				CLANG_ANALYZER_NONNULL = YES;
				CLANG_CXX_LANGUAGE_STANDARD = "gnu++0x";
				CLANG_CXX_LIBRARY = "libc++";
				CLANG_ENABLE_MODULES = YES;
				CLANG_ENABLE_OBJC_ARC = YES;
				CLANG_WARN_BOOL_CONVERSION = YES;
				CLANG_WARN_CONSTANT_CONVERSION = YES;
				CLANG_WARN_DIRECT_OBJC_ISA_USAGE = YES_ERROR;
				CLANG_WARN_EMPTY_BODY = YES;
				CLANG_WARN_ENUM_CONVERSION = YES;
				CLANG_WARN_INT_CONVERSION = YES;
				CLANG_WARN_OBJC_ROOT_CLASS = YES_ERROR;
				CLANG_WARN_UNREACHABLE_CODE = YES;
				CLANG_WARN__DUPLICATE_METHOD_MATCH = YES;
				"CODE_SIGN_IDENTITY[sdk=iphoneos*]" = "iPhone Developer";
				COPY_PHASE_STRIP = NO;
				DEBUG_INFORMATION_FORMAT = dwarf;
				ENABLE_STRICT_OBJC_MSGSEND = YES;
				ENABLE_TESTABILITY = YES;
				GCC_C_LANGUAGE_STANDARD = gnu99;
				GCC_DYNAMIC_NO_PIC = NO;
				GCC_NO_COMMON_BLOCKS = YES;
				GCC_OPTIMIZATION_LEVEL = 0;
				GCC_PREPROCESSOR_DEFINITIONS = (
					"DEBUG=1",
					"$(inherited)",
				);
				GCC_WARN_64_TO_32_BIT_CONVERSION = YES;
				GCC_WARN_ABOUT_RETURN_TYPE = YES_ERROR;
				GCC_WARN_UNDECLARED_SELECTOR = YES;
				GCC_WARN_UNINITIALIZED_AUTOS = YES_AGGRESSIVE;
				GCC_WARN_UNUSED_FUNCTION = YES;
				GCC_WARN_UNUSED_VARIABLE = YES;
				IPHONEOS_DEPLOYMENT_TARGET = 9.3;
				MTL_ENABLE_DEBUG_INFO = YES;
				ONLY_ACTIVE_ARCH = YES;
				SDKROOT = iphoneos;
				SWIFT_OPTIMIZATION_LEVEL = "-Onone";
				TARGETED_DEVICE_FAMILY = "1,2";
			};
			name = Debug;
		};
		87F960EE1CC1867800A7B3E2 /* Release */ = {
			isa = XCBuildConfiguration;
			buildSettings = {
				ALWAYS_SEARCH_USER_PATHS = NO;
				CLANG_ANALYZER_NONNULL = YES;
				CLANG_CXX_LANGUAGE_STANDARD = "gnu++0x";
				CLANG_CXX_LIBRARY = "libc++";
				CLANG_ENABLE_MODULES = YES;
				CLANG_ENABLE_OBJC_ARC = YES;
				CLANG_WARN_BOOL_CONVERSION = YES;
				CLANG_WARN_CONSTANT_CONVERSION = YES;
				CLANG_WARN_DIRECT_OBJC_ISA_USAGE = YES_ERROR;
				CLANG_WARN_EMPTY_BODY = YES;
				CLANG_WARN_ENUM_CONVERSION = YES;
				CLANG_WARN_INT_CONVERSION = YES;
				CLANG_WARN_OBJC_ROOT_CLASS = YES_ERROR;
				CLANG_WARN_UNREACHABLE_CODE = YES;
				CLANG_WARN__DUPLICATE_METHOD_MATCH = YES;
				"CODE_SIGN_IDENTITY[sdk=iphoneos*]" = "iPhone Developer";
				COPY_PHASE_STRIP = NO;
				DEBUG_INFORMATION_FORMAT = "dwarf-with-dsym";
				ENABLE_NS_ASSERTIONS = NO;
				ENABLE_STRICT_OBJC_MSGSEND = YES;
				GCC_C_LANGUAGE_STANDARD = gnu99;
				GCC_NO_COMMON_BLOCKS = YES;
				GCC_WARN_64_TO_32_BIT_CONVERSION = YES;
				GCC_WARN_ABOUT_RETURN_TYPE = YES_ERROR;
				GCC_WARN_UNDECLARED_SELECTOR = YES;
				GCC_WARN_UNINITIALIZED_AUTOS = YES_AGGRESSIVE;
				GCC_WARN_UNUSED_FUNCTION = YES;
				GCC_WARN_UNUSED_VARIABLE = YES;
				IPHONEOS_DEPLOYMENT_TARGET = 9.3;
				MTL_ENABLE_DEBUG_INFO = NO;
				SDKROOT = iphoneos;
				TARGETED_DEVICE_FAMILY = "1,2";
				VALIDATE_PRODUCT = YES;
			};
			name = Release;
		};
		87F960F01CC1867800A7B3E2 /* Debug */ = {
			isa = XCBuildConfiguration;
			buildSettings = {
				ASSETCATALOG_COMPILER_APPICON_NAME = AppIcon;
				CODE_SIGN_IDENTITY = "iPhone Developer";
				INFOPLIST_FILE = taknada/Info.plist;
				LD_RUNPATH_SEARCH_PATHS = "$(inherited) @executable_path/Frameworks";
				PRODUCT_BUNDLE_IDENTIFIER = org.ikashkuta.taknada;
				PRODUCT_NAME = "$(TARGET_NAME)";
			};
			name = Debug;
		};
		87F960F11CC1867800A7B3E2 /* Release */ = {
			isa = XCBuildConfiguration;
			buildSettings = {
				ASSETCATALOG_COMPILER_APPICON_NAME = AppIcon;
				CODE_SIGN_IDENTITY = "iPhone Developer";
				INFOPLIST_FILE = taknada/Info.plist;
				LD_RUNPATH_SEARCH_PATHS = "$(inherited) @executable_path/Frameworks";
				PRODUCT_BUNDLE_IDENTIFIER = org.ikashkuta.taknada;
				PRODUCT_NAME = "$(TARGET_NAME)";
			};
			name = Release;
		};
		87F960F31CC1867800A7B3E2 /* Debug */ = {
			isa = XCBuildConfiguration;
			buildSettings = {
				BUNDLE_LOADER = "$(TEST_HOST)";
				INFOPLIST_FILE = taknadaTests/Info.plist;
				LD_RUNPATH_SEARCH_PATHS = "$(inherited) @executable_path/Frameworks @loader_path/Frameworks";
				PRODUCT_BUNDLE_IDENTIFIER = org.ikashkuta.taknadaTests;
				PRODUCT_NAME = "$(TARGET_NAME)";
				TEST_HOST = "$(BUILT_PRODUCTS_DIR)/taknada.app/taknada";
			};
			name = Debug;
		};
		87F960F41CC1867800A7B3E2 /* Release */ = {
			isa = XCBuildConfiguration;
			buildSettings = {
				BUNDLE_LOADER = "$(TEST_HOST)";
				INFOPLIST_FILE = taknadaTests/Info.plist;
				LD_RUNPATH_SEARCH_PATHS = "$(inherited) @executable_path/Frameworks @loader_path/Frameworks";
				PRODUCT_BUNDLE_IDENTIFIER = org.ikashkuta.taknadaTests;
				PRODUCT_NAME = "$(TARGET_NAME)";
				TEST_HOST = "$(BUILT_PRODUCTS_DIR)/taknada.app/taknada";
			};
			name = Release;
		};
/* End XCBuildConfiguration section */

/* Begin XCConfigurationList section */
		87F960CD1CC1867800A7B3E2 /* Build configuration list for PBXProject "taknada" */ = {
			isa = XCConfigurationList;
			buildConfigurations = (
				87F960ED1CC1867800A7B3E2 /* Debug */,
				87F960EE1CC1867800A7B3E2 /* Release */,
			);
			defaultConfigurationIsVisible = 0;
			defaultConfigurationName = Release;
		};
		87F960EF1CC1867800A7B3E2 /* Build configuration list for PBXNativeTarget "taknada" */ = {
			isa = XCConfigurationList;
			buildConfigurations = (
				87F960F01CC1867800A7B3E2 /* Debug */,
				87F960F11CC1867800A7B3E2 /* Release */,
			);
			defaultConfigurationIsVisible = 0;
			defaultConfigurationName = Release;
		};
		87F960F21CC1867800A7B3E2 /* Build configuration list for PBXNativeTarget "taknadaTests" */ = {
			isa = XCConfigurationList;
			buildConfigurations = (
				87F960F31CC1867800A7B3E2 /* Debug */,
				87F960F41CC1867800A7B3E2 /* Release */,
			);
			defaultConfigurationIsVisible = 0;
			defaultConfigurationName = Release;
		};
/* End XCConfigurationList section */
	};
	rootObject = 87F960CA1CC1867800A7B3E2 /* Project object */;
}
